
Microsoft Visual Studio Solution File, Format Version 12.00
# Visual Studio Version 17
VisualStudioVersion = 17.3.32825.248
MinimumVisualStudioVersion = 10.0.40219.1
Project("{FAE04EC0-301F-11D3-BF4B-00C04F79EFBC}") = "Hmwk52.web", "Hmwk52.web\Hmwk52.web.csproj", "{AC320B39-2EFF-4245-B3A9-DFCDD4B52115}"
EndProject
Project("{FAE04EC0-301F-11D3-BF4B-00C04F79EFBC}") = "Hmwk52.data", "Hmwk52.data\Hmwk52.data.csproj", "{68A738C6-D6A2-4209-A71E-EB52A4B36A30}"
EndProject
Global
	GlobalSection(SolutionConfigurationPlatforms) = preSolution
		Debug|Any CPU = Debug|Any CPU
		Release|Any CPU = Release|Any CPU
	EndGlobalSection
	GlobalSection(ProjectConfigurationPlatforms) = postSolution
		{AC320B39-2EFF-4245-B3A9-DFCDD4B52115}.Debug|Any CPU.ActiveCfg = Debug|Any CPU
		{AC320B39-2EFF-4245-B3A9-DFCDD4B52115}.Debug|Any CPU.Build.0 = Debug|Any CPU
		{AC320B39-2EFF-4245-B3A9-DFCDD4B52115}.Release|Any CPU.ActiveCfg = Release|Any CPU
		{AC320B39-2EFF-4245-B3A9-DFCDD4B52115}.Release|Any CPU.Build.0 = Release|Any CPU
		{68A738C6-D6A2-4209-A71E-EB52A4B36A30}.Debug|Any CPU.ActiveCfg = Debug|Any CPU
		{68A738C6-D6A2-4209-A71E-EB52A4B36A30}.Debug|Any CPU.Build.0 = Debug|Any CPU
		{68A738C6-D6A2-4209-A71E-EB52A4B36A30}.Release|Any CPU.ActiveCfg = Release|Any CPU
		{68A738C6-D6A2-4209-A71E-EB52A4B36A30}.Release|Any CPU.Build.0 = Release|Any CPU
	EndGlobalSection
	GlobalSection(SolutionProperties) = preSolution
		HideSolutionNode = FALSE
	EndGlobalSection
	GlobalSection(ExtensibilityGlobals) = postSolution
		SolutionGuid = {05E3B093-F6A7-4F38-871D-BA7058779D2C}
	EndGlobalSection
EndGlobal
